
Microsoft Visual Studio Solution File, Format Version 12.00
# Visual Studio 14
VisualStudioVersion = 14.0.25123.0
MinimumVisualStudioVersion = 10.0.40219.1
Project("{FAE04EC0-301F-11D3-BF4B-00C04F79EFBC}") = "DefaultAspnetMvc", "DefaultAspnetMvc\DefaultAspnetMvc.csproj", "{A7FF7887-0DB6-4B11-ADBA-D60B2B3FAFA3}"
EndProject
Project("{FAE04EC0-301F-11D3-BF4B-00C04F79EFBC}") = "DefaultAspnetMvc.Tests", "DefaultAspnetMvc.Tests\DefaultAspnetMvc.Tests.csproj", "{B3D27B65-E674-4217-8615-D4EA7F0E4E3E}"
EndProject
Global
	GlobalSection(SolutionConfigurationPlatforms) = preSolution
		Debug|Any CPU = Debug|Any CPU
		Release|Any CPU = Release|Any CPU
	EndGlobalSection
	GlobalSection(ProjectConfigurationPlatforms) = postSolution
		{A7FF7887-0DB6-4B11-ADBA-D60B2B3FAFA3}.Debug|Any CPU.ActiveCfg = Debug|Any CPU
		{A7FF7887-0DB6-4B11-ADBA-D60B2B3FAFA3}.Debug|Any CPU.Build.0 = Debug|Any CPU
		{A7FF7887-0DB6-4B11-ADBA-D60B2B3FAFA3}.Release|Any CPU.ActiveCfg = Release|Any CPU
		{A7FF7887-0DB6-4B11-ADBA-D60B2B3FAFA3}.Release|Any CPU.Build.0 = Release|Any CPU
		{B3D27B65-E674-4217-8615-D4EA7F0E4E3E}.Debug|Any CPU.ActiveCfg = Debug|Any CPU
		{B3D27B65-E674-4217-8615-D4EA7F0E4E3E}.Debug|Any CPU.Build.0 = Debug|Any CPU
		{B3D27B65-E674-4217-8615-D4EA7F0E4E3E}.Release|Any CPU.ActiveCfg = Release|Any CPU
		{B3D27B65-E674-4217-8615-D4EA7F0E4E3E}.Release|Any CPU.Build.0 = Release|Any CPU
	EndGlobalSection
	GlobalSection(SolutionProperties) = preSolution
		HideSolutionNode = FALSE
	EndGlobalSection
EndGlobal
